// !$*UTF8*$!
{
	archiveVersion = 1;
	classes = {
	};
	objectVersion = 50;
	objects = {

/* Begin PBXBuildFile section */
		0214EF122224CED200F5DF3D /* main.cpp in Sources */ = {isa = PBXBuildFile; fileRef = 0214EF112224CED200F5DF3D /* main.cpp */; };
		0214EF1A2224CEEA00F5DF3D /* OpenGL.framework in Frameworks */ = {isa = PBXBuildFile; fileRef = 0214EF192224CEEA00F5DF3D /* OpenGL.framework */; };
		0214EF2D2224D5AC00F5DF3D /* libGLEW.2.1.0.dylib in Frameworks */ = {isa = PBXBuildFile; fileRef = 0214EF2B2224D5AC00F5DF3D /* libGLEW.2.1.0.dylib */; };
		0214EF2E2224D5AC00F5DF3D /* libGLEW.a in Frameworks */ = {isa = PBXBuildFile; fileRef = 0214EF2C2224D5AC00F5DF3D /* libGLEW.a */; };
		0214EF302224D66C00F5DF3D /* libglfw.3.2.dylib in Frameworks */ = {isa = PBXBuildFile; fileRef = 0214EF2F2224D66C00F5DF3D /* libglfw.3.2.dylib */; };
/* End PBXBuildFile section */

/* Begin PBXCopyFilesBuildPhase section */
		0214EF0C2224CED200F5DF3D /* CopyFiles */ = {
			isa = PBXCopyFilesBuildPhase;
			buildActionMask = 2147483647;
			dstPath = /usr/share/man/man1/;
			dstSubfolderSpec = 0;
			files = (
			);
			runOnlyForDeploymentPostprocessing = 1;
		};
/* End PBXCopyFilesBuildPhase section */

/* Begin PBXFileReference section */
		0214EF0E2224CED200F5DF3D /* appOpengl */ = {isa = PBXFileReference; explicitFileType = "compiled.mach-o.executable"; includeInIndex = 0; path = appOpengl; sourceTree = BUILT_PRODUCTS_DIR; };
		0214EF112224CED200F5DF3D /* main.cpp */ = {isa = PBXFileReference; lastKnownFileType = sourcecode.cpp.cpp; path = main.cpp; sourceTree = "<group>"; };
		0214EF192224CEEA00F5DF3D /* OpenGL.framework */ = {isa = PBXFileReference; lastKnownFileType = wrapper.framework; name = OpenGL.framework; path = System/Library/Frameworks/OpenGL.framework; sourceTree = SDKROOT; };
		0214EF2B2224D5AC00F5DF3D /* libGLEW.2.1.0.dylib */ = {isa = PBXFileReference; lastKnownFileType = "compiled.mach-o.dylib"; name = libGLEW.2.1.0.dylib; path = ../../../../../usr/local/Cellar/glew/2.1.0/lib/libGLEW.2.1.0.dylib; sourceTree = "<group>"; };
		0214EF2C2224D5AC00F5DF3D /* libGLEW.a */ = {isa = PBXFileReference; lastKnownFileType = archive.ar; name = libGLEW.a; path = ../../../../../usr/local/Cellar/glew/2.1.0/lib/libGLEW.a; sourceTree = "<group>"; };
		0214EF2F2224D66C00F5DF3D /* libglfw.3.2.dylib */ = {isa = PBXFileReference; lastKnownFileType = "compiled.mach-o.dylib"; name = libglfw.3.2.dylib; path = ../../../../../usr/local/Cellar/glfw/3.2.1/lib/libglfw.3.2.dylib; sourceTree = "<group>"; };
		0214EF37223989B400F5DF3D /* fs.glsl */ = {isa = PBXFileReference; lastKnownFileType = text; path = fs.glsl; sourceTree = "<group>"; };
		0214EF3822399F8200F5DF3D /* vs.glsl */ = {isa = PBXFileReference; lastKnownFileType = text; path = vs.glsl; sourceTree = "<group>"; };
/* End PBXFileReference section */

/* Begin PBXFrameworksBuildPhase section */
		0214EF0B2224CED200F5DF3D /* Frameworks */ = {
			isa = PBXFrameworksBuildPhase;
			buildActionMask = 2147483647;
			files = (
				0214EF302224D66C00F5DF3D /* libglfw.3.2.dylib in Frameworks */,
				0214EF2D2224D5AC00F5DF3D /* libGLEW.2.1.0.dylib in Frameworks */,
				0214EF2E2224D5AC00F5DF3D /* libGLEW.a in Frameworks */,
				0214EF1A2224CEEA00F5DF3D /* OpenGL.framework in Frameworks */,
			);
			runOnlyForDeploymentPostprocessing = 0;
		};
/* End PBXFrameworksBuildPhase section */

/* Begin PBXGroup section */
		0214EF052224CED200F5DF3D = {
			isa = PBXGroup;
			children = (
				0214EF102224CED200F5DF3D /* appOpengl */,
				0214EF0F2224CED200F5DF3D /* Products */,
				0214EF182224CEE900F5DF3D /* Frameworks */,
			);
			sourceTree = "<group>";
		};
		0214EF0F2224CED200F5DF3D /* Products */ = {
			isa = PBXGroup;
			children = (
				0214EF0E2224CED200F5DF3D /* appOpengl */,
			);
			name = Products;
			sourceTree = "<group>";
		};
		0214EF102224CED200F5DF3D /* appOpengl */ = {
			isa = PBXGroup;
			children = (
				0214EF112224CED200F5DF3D /* main.cpp */,
				0214EF37223989B400F5DF3D /* fs.glsl */,
				0214EF3822399F8200F5DF3D /* vs.glsl */,
			);
			path = appOpengl;
			sourceTree = "<group>";
		};
		0214EF182224CEE900F5DF3D /* Frameworks */ = {
			isa = PBXGroup;
			children = (
				0214EF2F2224D66C00F5DF3D /* libglfw.3.2.dylib */,
				0214EF2B2224D5AC00F5DF3D /* libGLEW.2.1.0.dylib */,
				0214EF2C2224D5AC00F5DF3D /* libGLEW.a */,
				0214EF192224CEEA00F5DF3D /* OpenGL.framework */,
			);
			name = Frameworks;
			sourceTree = "<group>";
		};
/* End PBXGroup section */

/* Begin PBXNativeTarget section */
		0214EF0D2224CED200F5DF3D /* appOpengl */ = {
			isa = PBXNativeTarget;
			buildConfigurationList = 0214EF152224CED200F5DF3D /* Build configuration list for PBXNativeTarget "appOpengl" */;
			buildPhases = (
				0214EF0A2224CED200F5DF3D /* Sources */,
				0214EF0B2224CED200F5DF3D /* Frameworks */,
				0214EF0C2224CED200F5DF3D /* CopyFiles */,
			);
			buildRules = (
			);
			dependencies = (
			);
			name = appOpengl;
			productName = appOpengl;
			productReference = 0214EF0E2224CED200F5DF3D /* appOpengl */;
			productType = "com.apple.product-type.tool";
		};
/* End PBXNativeTarget section */

/* Begin PBXProject section */
		0214EF062224CED200F5DF3D /* Project object */ = {
			isa = PBXProject;
			attributes = {
				LastUpgradeCheck = 1010;
				ORGANIZATIONNAME = "Maiquel Knechtel";
				TargetAttributes = {
					0214EF0D2224CED200F5DF3D = {
						CreatedOnToolsVersion = 10.1;
					};
				};
			};
			buildConfigurationList = 0214EF092224CED200F5DF3D /* Build configuration list for PBXProject "appOpengl" */;
			compatibilityVersion = "Xcode 9.3";
			developmentRegion = en;
			hasScannedForEncodings = 0;
			knownRegions = (
				en,
			);
			mainGroup = 0214EF052224CED200F5DF3D;
			productRefGroup = 0214EF0F2224CED200F5DF3D /* Products */;
			projectDirPath = "";
			projectRoot = "";
			targets = (
				0214EF0D2224CED200F5DF3D /* appOpengl */,
			);
		};
/* End PBXProject section */

/* Begin PBXSourcesBuildPhase section */
		0214EF0A2224CED200F5DF3D /* Sources */ = {
			isa = PBXSourcesBuildPhase;
			buildActionMask = 2147483647;
			files = (
				0214EF122224CED200F5DF3D /* main.cpp in Sources */,
			);
			runOnlyForDeploymentPostprocessing = 0;
		};
/* End PBXSourcesBuildPhase section */

/* Begin XCBuildConfiguration section */
		0214EF132224CED200F5DF3D /* Debug */ = {
			isa = XCBuildConfiguration;
			buildSettings = {
				ALWAYS_SEARCH_USER_PATHS = NO;
				CLANG_ANALYZER_NONNULL = YES;
				CLANG_ANALYZER_NUMBER_OBJECT_CONVERSION = YES_AGGRESSIVE;
				CLANG_CXX_LANGUAGE_STANDARD = "gnu++14";
				CLANG_CXX_LIBRARY = "libc++";
				CLANG_ENABLE_MODULES = YES;
				CLANG_ENABLE_OBJC_ARC = YES;
				CLANG_ENABLE_OBJC_WEAK = YES;
				CLANG_WARN_BLOCK_CAPTURE_AUTORELEASING = YES;
				CLANG_WARN_BOOL_CONVERSION = YES;
				CLANG_WARN_COMMA = YES;
				CLANG_WARN_CONSTANT_CONVERSION = YES;
				CLANG_WARN_DEPRECATED_OBJC_IMPLEMENTATIONS = YES;
				CLANG_WARN_DIRECT_OBJC_ISA_USAGE = YES_ERROR;
				CLANG_WARN_DOCUMENTATION_COMMENTS = YES;
				CLANG_WARN_EMPTY_BODY = YES;
				CLANG_WARN_ENUM_CONVERSION = YES;
				CLANG_WARN_INFINITE_RECURSION = YES;
				CLANG_WARN_INT_CONVERSION = YES;
				CLANG_WARN_NON_LITERAL_NULL_CONVERSION = YES;
				CLANG_WARN_OBJC_IMPLICIT_RETAIN_SELF = YES;
				CLANG_WARN_OBJC_LITERAL_CONVERSION = YES;
				CLANG_WARN_OBJC_ROOT_CLASS = YES_ERROR;
				CLANG_WARN_RANGE_LOOP_ANALYSIS = YES;
				CLANG_WARN_STRICT_PROTOTYPES = YES;
				CLANG_WARN_SUSPICIOUS_MOVE = YES;
				CLANG_WARN_UNGUARDED_AVAILABILITY = YES_AGGRESSIVE;
				CLANG_WARN_UNREACHABLE_CODE = YES;
				CLANG_WARN__DUPLICATE_METHOD_MATCH = YES;
				CODE_SIGN_IDENTITY = "-";
				COPY_PHASE_STRIP = NO;
				DEBUG_INFORMATION_FORMAT = dwarf;
				ENABLE_STRICT_OBJC_MSGSEND = YES;
				ENABLE_TESTABILITY = YES;
				GCC_C_LANGUAGE_STANDARD = gnu11;
				GCC_DYNAMIC_NO_PIC = NO;
				GCC_NO_COMMON_BLOCKS = YES;
				GCC_OPTIMIZATION_LEVEL = 0;
				GCC_PREPROCESSOR_DEFINITIONS = (
					"DEBUG=1",
					"$(inherited)",
				);
				GCC_WARN_64_TO_32_BIT_CONVERSION = YES;
				GCC_WARN_ABOUT_RETURN_TYPE = YES_ERROR;
				GCC_WARN_UNDECLARED_SELECTOR = YES;
				GCC_WARN_UNINITIALIZED_AUTOS = YES_AGGRESSIVE;
				GCC_WARN_UNUSED_FUNCTION = YES;
				GCC_WARN_UNUSED_VARIABLE = YES;
				MACOSX_DEPLOYMENT_TARGET = 10.14;
				MTL_ENABLE_DEBUG_INFO = INCLUDE_SOURCE;
				MTL_FAST_MATH = YES;
				ONLY_ACTIVE_ARCH = YES;
				SDKROOT = macosx;
			};
			name = Debug;
		};
		0214EF142224CED200F5DF3D /* Release */ = {
			isa = XCBuildConfiguration;
			buildSettings = {
				ALWAYS_SEARCH_USER_PATHS = NO;
				CLANG_ANALYZER_NONNULL = YES;
				CLANG_ANALYZER_NUMBER_OBJECT_CONVERSION = YES_AGGRESSIVE;
				CLANG_CXX_LANGUAGE_STANDARD = "gnu++14";
				CLANG_CXX_LIBRARY = "libc++";
				CLANG_ENABLE_MODULES = YES;
				CLANG_ENABLE_OBJC_ARC = YES;
				CLANG_ENABLE_OBJC_WEAK = YES;
				CLANG_WARN_BLOCK_CAPTURE_AUTORELEASING = YES;
				CLANG_WARN_BOOL_CONVERSION = YES;
				CLANG_WARN_COMMA = YES;
				CLANG_WARN_CONSTANT_CONVERSION = YES;
				CLANG_WARN_DEPRECATED_OBJC_IMPLEMENTATIONS = YES;
				CLANG_WARN_DIRECT_OBJC_ISA_USAGE = YES_ERROR;
				CLANG_WARN_DOCUMENTATION_COMMENTS = YES;
				CLANG_WARN_EMPTY_BODY = YES;
				CLANG_WARN_ENUM_CONVERSION = YES;
				CLANG_WARN_INFINITE_RECURSION = YES;
				CLANG_WARN_INT_CONVERSION = YES;
				CLANG_WARN_NON_LITERAL_NULL_CONVERSION = YES;
				CLANG_WARN_OBJC_IMPLICIT_RETAIN_SELF = YES;
				CLANG_WARN_OBJC_LITERAL_CONVERSION = YES;
				CLANG_WARN_OBJC_ROOT_CLASS = YES_ERROR;
				CLANG_WARN_RANGE_LOOP_ANALYSIS = YES;
				CLANG_WARN_STRICT_PROTOTYPES = YES;
				CLANG_WARN_SUSPICIOUS_MOVE = YES;
				CLANG_WARN_UNGUARDED_AVAILABILITY = YES_AGGRESSIVE;
				CLANG_WARN_UNREACHABLE_CODE = YES;
				CLANG_WARN__DUPLICATE_METHOD_MATCH = YES;
				CODE_SIGN_IDENTITY = "-";
				COPY_PHASE_STRIP = NO;
				DEBUG_INFORMATION_FORMAT = "dwarf-with-dsym";
				ENABLE_NS_ASSERTIONS = NO;
				ENABLE_STRICT_OBJC_MSGSEND = YES;
				GCC_C_LANGUAGE_STANDARD = gnu11;
				GCC_NO_COMMON_BLOCKS = YES;
				GCC_WARN_64_TO_32_BIT_CONVERSION = YES;
				GCC_WARN_ABOUT_RETURN_TYPE = YES_ERROR;
				GCC_WARN_UNDECLARED_SELECTOR = YES;
				GCC_WARN_UNINITIALIZED_AUTOS = YES_AGGRESSIVE;
				GCC_WARN_UNUSED_FUNCTION = YES;
				GCC_WARN_UNUSED_VARIABLE = YES;
				MACOSX_DEPLOYMENT_TARGET = 10.14;
				MTL_ENABLE_DEBUG_INFO = NO;
				MTL_FAST_MATH = YES;
				SDKROOT = macosx;
			};
			name = Release;
		};
		0214EF162224CED200F5DF3D /* Debug */ = {
			isa = XCBuildConfiguration;
			buildSettings = {
				CODE_SIGN_STYLE = Automatic;
				HEADER_SEARCH_PATHS = (
					"<Multiple",
					"values>",
					/usr/local/include/,
				);
				LIBRARY_SEARCH_PATHS = (
					"$(inherited)",
					/usr/local/Cellar/glew/2.1.0/lib,
					/usr/local/Cellar/glfw/3.2.1/lib,
				);
				PRODUCT_NAME = "$(TARGET_NAME)";
			};
			name = Debug;
		};
		0214EF172224CED200F5DF3D /* Release */ = {
			isa = XCBuildConfiguration;
			buildSettings = {
				CODE_SIGN_STYLE = Automatic;
				HEADER_SEARCH_PATHS = (
					"<Multiple",
					"values>",
					/usr/local/include/,
				);
				LIBRARY_SEARCH_PATHS = (
					"$(inherited)",
					/usr/local/Cellar/glew/2.1.0/lib,
					/usr/local/Cellar/glfw/3.2.1/lib,
				);
				PRODUCT_NAME = "$(TARGET_NAME)";
			};
			name = Release;
		};
/* End XCBuildConfiguration section */

/* Begin XCConfigurationList section */
		0214EF092224CED200F5DF3D /* Build configuration list for PBXProject "appOpengl" */ = {
			isa = XCConfigurationList;
			buildConfigurations = (
				0214EF132224CED200F5DF3D /* Debug */,
				0214EF142224CED200F5DF3D /* Release */,
			);
			defaultConfigurationIsVisible = 0;
			defaultConfigurationName = Release;
		};
		0214EF152224CED200F5DF3D /* Build configuration list for PBXNativeTarget "appOpengl" */ = {
			isa = XCConfigurationList;
			buildConfigurations = (
				0214EF162224CED200F5DF3D /* Debug */,
				0214EF172224CED200F5DF3D /* Release */,
			);
			defaultConfigurationIsVisible = 0;
			defaultConfigurationName = Release;
		};
/* End XCConfigurationList section */
	};
	rootObject = 0214EF062224CED200F5DF3D /* Project object */;
}
